
Microsoft Visual Studio Solution File, Format Version 12.00
# Visual Studio 15
VisualStudioVersion = 15.0.28307.1062
MinimumVisualStudioVersion = 10.0.40219.1
Project("{FAE04EC0-301F-11D3-BF4B-00C04F79EFBC}") = "GavinCardGame", "GavinCardGame\GavinCardGame.csproj", "{30CE8148-D6B9-4077-BD75-8F27A730B86C}"
EndProject
Global
	GlobalSection(SolutionConfigurationPlatforms) = preSolution
		Debug|x86 = Debug|x86
		Release|x86 = Release|x86
	EndGlobalSection
	GlobalSection(ProjectConfigurationPlatforms) = postSolution
		{30CE8148-D6B9-4077-BD75-8F27A730B86C}.Debug|x86.ActiveCfg = Debug|x86
		{30CE8148-D6B9-4077-BD75-8F27A730B86C}.Debug|x86.Build.0 = Debug|x86
		{30CE8148-D6B9-4077-BD75-8F27A730B86C}.Release|x86.ActiveCfg = Release|x86
		{30CE8148-D6B9-4077-BD75-8F27A730B86C}.Release|x86.Build.0 = Release|x86
	EndGlobalSection
	GlobalSection(SolutionProperties) = preSolution
		HideSolutionNode = FALSE
	EndGlobalSection
	GlobalSection(ExtensibilityGlobals) = postSolution
		SolutionGuid = {2D189632-3874-4560-A5A4-9AFDF9F53879}
	EndGlobalSection
EndGlobal
